
Microsoft Visual Studio Solution File, Format Version 12.00
# Visual Studio Version 17
VisualStudioVersion = 17.1.32210.238
MinimumVisualStudioVersion = 10.0.40219.1
Project("{FAE04EC0-301F-11D3-BF4B-00C04F79EFBC}") = "RVAPRODAVNICA.Web", "RVAPRODAVNICA.Web\RVAPRODAVNICA.Web.csproj", "{BAE85071-F725-4347-AA5B-7932F27B0764}"
EndProject
Global
	GlobalSection(SolutionConfigurationPlatforms) = preSolution
		Debug|Any CPU = Debug|Any CPU
		Release|Any CPU = Release|Any CPU
	EndGlobalSection
	GlobalSection(ProjectConfigurationPlatforms) = postSolution
		{BAE85071-F725-4347-AA5B-7932F27B0764}.Debug|Any CPU.ActiveCfg = Debug|Any CPU
		{BAE85071-F725-4347-AA5B-7932F27B0764}.Debug|Any CPU.Build.0 = Debug|Any CPU
		{BAE85071-F725-4347-AA5B-7932F27B0764}.Release|Any CPU.ActiveCfg = Release|Any CPU
		{BAE85071-F725-4347-AA5B-7932F27B0764}.Release|Any CPU.Build.0 = Release|Any CPU
	EndGlobalSection
	GlobalSection(SolutionProperties) = preSolution
		HideSolutionNode = FALSE
	EndGlobalSection
	GlobalSection(ExtensibilityGlobals) = postSolution
		SolutionGuid = {FF16256A-537F-4D9C-9441-8D66AF2A2301}
	EndGlobalSection
EndGlobal
