
Microsoft Visual Studio Solution File, Format Version 12.00
# Visual Studio Version 17
VisualStudioVersion = 17.1.32210.238
MinimumVisualStudioVersion = 10.0.40219.1
Project("{9A19103F-16F7-4668-BE54-9A1E7A4F7556}") = "RVAPRODAVNICA.Web", "RVAPRODAVNICA.Web\RVAPRODAVNICA.Web.csproj", "{BAE85071-F725-4347-AA5B-7932F27B0764}"
EndProject
Project("{9A19103F-16F7-4668-BE54-9A1E7A4F7556}") = "RVAPRODAVNICA.Data", "RVAPRODAVNICA.Data\RVAPRODAVNICA.Data.csproj", "{F5D222B8-717D-4A9E-B609-0D0967E283A0}"
EndProject
Project("{FAE04EC0-301F-11D3-BF4B-00C04F79EFBC}") = "RRVAPRODAVNICA.Models", "RRVAPRODAVNICA.Models\RRVAPRODAVNICA.Models.csproj", "{70C099EC-780F-44D9-B40D-B38DAA5F94A1}"
EndProject
Project("{FAE04EC0-301F-11D3-BF4B-00C04F79EFBC}") = "RVAPRODAVNICA.Repositories", "RVAPRODAVNICA.Repositories\RVAPRODAVNICA.Repositories.csproj", "{BCF0B819-CD53-491F-A4AA-A883D50508EE}"
EndProject
Project("{FAE04EC0-301F-11D3-BF4B-00C04F79EFBC}") = "RVAPRODAVNICA.Services", "RVAPRODAVNICA.Services\RVAPRODAVNICA.Services.csproj", "{771F870C-C6D5-465A-ABB1-6FB6BF8BC94D}"
EndProject
Global
	GlobalSection(SolutionConfigurationPlatforms) = preSolution
		Debug|Any CPU = Debug|Any CPU
		Release|Any CPU = Release|Any CPU
	EndGlobalSection
	GlobalSection(ProjectConfigurationPlatforms) = postSolution
		{BAE85071-F725-4347-AA5B-7932F27B0764}.Debug|Any CPU.ActiveCfg = Debug|Any CPU
		{BAE85071-F725-4347-AA5B-7932F27B0764}.Debug|Any CPU.Build.0 = Debug|Any CPU
		{BAE85071-F725-4347-AA5B-7932F27B0764}.Release|Any CPU.ActiveCfg = Release|Any CPU
		{BAE85071-F725-4347-AA5B-7932F27B0764}.Release|Any CPU.Build.0 = Release|Any CPU
		{F5D222B8-717D-4A9E-B609-0D0967E283A0}.Debug|Any CPU.ActiveCfg = Debug|Any CPU
		{F5D222B8-717D-4A9E-B609-0D0967E283A0}.Debug|Any CPU.Build.0 = Debug|Any CPU
		{F5D222B8-717D-4A9E-B609-0D0967E283A0}.Release|Any CPU.ActiveCfg = Release|Any CPU
		{F5D222B8-717D-4A9E-B609-0D0967E283A0}.Release|Any CPU.Build.0 = Release|Any CPU
		{70C099EC-780F-44D9-B40D-B38DAA5F94A1}.Debug|Any CPU.ActiveCfg = Debug|Any CPU
		{70C099EC-780F-44D9-B40D-B38DAA5F94A1}.Debug|Any CPU.Build.0 = Debug|Any CPU
		{70C099EC-780F-44D9-B40D-B38DAA5F94A1}.Release|Any CPU.ActiveCfg = Release|Any CPU
		{70C099EC-780F-44D9-B40D-B38DAA5F94A1}.Release|Any CPU.Build.0 = Release|Any CPU
		{BCF0B819-CD53-491F-A4AA-A883D50508EE}.Debug|Any CPU.ActiveCfg = Debug|Any CPU
		{BCF0B819-CD53-491F-A4AA-A883D50508EE}.Debug|Any CPU.Build.0 = Debug|Any CPU
		{BCF0B819-CD53-491F-A4AA-A883D50508EE}.Release|Any CPU.ActiveCfg = Release|Any CPU
		{BCF0B819-CD53-491F-A4AA-A883D50508EE}.Release|Any CPU.Build.0 = Release|Any CPU
		{771F870C-C6D5-465A-ABB1-6FB6BF8BC94D}.Debug|Any CPU.ActiveCfg = Debug|Any CPU
		{771F870C-C6D5-465A-ABB1-6FB6BF8BC94D}.Debug|Any CPU.Build.0 = Debug|Any CPU
		{771F870C-C6D5-465A-ABB1-6FB6BF8BC94D}.Release|Any CPU.ActiveCfg = Release|Any CPU
		{771F870C-C6D5-465A-ABB1-6FB6BF8BC94D}.Release|Any CPU.Build.0 = Release|Any CPU
	EndGlobalSection
	GlobalSection(SolutionProperties) = preSolution
		HideSolutionNode = FALSE
	EndGlobalSection
	GlobalSection(ExtensibilityGlobals) = postSolution
		SolutionGuid = {FF16256A-537F-4D9C-9441-8D66AF2A2301}
	EndGlobalSection
EndGlobal
